
Microsoft Visual Studio Solution File, Format Version 12.00
# Visual Studio Version 17
VisualStudioVersion = 17.3.32811.315
MinimumVisualStudioVersion = 10.0.40219.1
Project("{FAE04EC0-301F-11D3-BF4B-00C04F79EFBC}") = "Assignment_3(EF)", "Assignment_3(EF)\Assignment_3(EF).csproj", "{762BCDC6-E5FF-4100-981E-9C882B267D1D}"
EndProject
Project("{FAE04EC0-301F-11D3-BF4B-00C04F79EFBC}") = "BusinessLayer", "BusinessLayer\BusinessLayer.csproj", "{B12E4464-B1EB-4620-A87A-507F49C86576}"
EndProject
Project("{FAE04EC0-301F-11D3-BF4B-00C04F79EFBC}") = "DataAccessLayer", "DataAccessLayer\DataAccessLayer.csproj", "{FC0A5164-069D-4FDF-A86D-293D77E11476}"
EndProject
Global
	GlobalSection(SolutionConfigurationPlatforms) = preSolution
		Debug|Any CPU = Debug|Any CPU
		Release|Any CPU = Release|Any CPU
	EndGlobalSection
	GlobalSection(ProjectConfigurationPlatforms) = postSolution
		{762BCDC6-E5FF-4100-981E-9C882B267D1D}.Debug|Any CPU.ActiveCfg = Debug|Any CPU
		{762BCDC6-E5FF-4100-981E-9C882B267D1D}.Debug|Any CPU.Build.0 = Debug|Any CPU
		{762BCDC6-E5FF-4100-981E-9C882B267D1D}.Release|Any CPU.ActiveCfg = Release|Any CPU
		{762BCDC6-E5FF-4100-981E-9C882B267D1D}.Release|Any CPU.Build.0 = Release|Any CPU
		{B12E4464-B1EB-4620-A87A-507F49C86576}.Debug|Any CPU.ActiveCfg = Debug|Any CPU
		{B12E4464-B1EB-4620-A87A-507F49C86576}.Debug|Any CPU.Build.0 = Debug|Any CPU
		{B12E4464-B1EB-4620-A87A-507F49C86576}.Release|Any CPU.ActiveCfg = Release|Any CPU
		{B12E4464-B1EB-4620-A87A-507F49C86576}.Release|Any CPU.Build.0 = Release|Any CPU
		{FC0A5164-069D-4FDF-A86D-293D77E11476}.Debug|Any CPU.ActiveCfg = Debug|Any CPU
		{FC0A5164-069D-4FDF-A86D-293D77E11476}.Debug|Any CPU.Build.0 = Debug|Any CPU
		{FC0A5164-069D-4FDF-A86D-293D77E11476}.Release|Any CPU.ActiveCfg = Release|Any CPU
		{FC0A5164-069D-4FDF-A86D-293D77E11476}.Release|Any CPU.Build.0 = Release|Any CPU
	EndGlobalSection
	GlobalSection(SolutionProperties) = preSolution
		HideSolutionNode = FALSE
	EndGlobalSection
	GlobalSection(ExtensibilityGlobals) = postSolution
		SolutionGuid = {0A6EA83A-6690-4560-BF9F-B1136A9E95F7}
	EndGlobalSection
EndGlobal
