
Microsoft Visual Studio Solution File, Format Version 12.00
# Visual Studio Version 17
VisualStudioVersion = 17.3.32811.315
MinimumVisualStudioVersion = 10.0.40219.1
Project("{FAE04EC0-301F-11D3-BF4B-00C04F79EFBC}") = "Assignment 1", "Assignment 1.csproj", "{FD297B79-12C7-4D58-860E-978E437AA8EE}"
EndProject
Global
	GlobalSection(SolutionConfigurationPlatforms) = preSolution
		Debug|Any CPU = Debug|Any CPU
		Release|Any CPU = Release|Any CPU
	EndGlobalSection
	GlobalSection(ProjectConfigurationPlatforms) = postSolution
		{FD297B79-12C7-4D58-860E-978E437AA8EE}.Debug|Any CPU.ActiveCfg = Debug|Any CPU
		{FD297B79-12C7-4D58-860E-978E437AA8EE}.Debug|Any CPU.Build.0 = Debug|Any CPU
		{FD297B79-12C7-4D58-860E-978E437AA8EE}.Release|Any CPU.ActiveCfg = Release|Any CPU
		{FD297B79-12C7-4D58-860E-978E437AA8EE}.Release|Any CPU.Build.0 = Release|Any CPU
	EndGlobalSection
	GlobalSection(SolutionProperties) = preSolution
		HideSolutionNode = FALSE
	EndGlobalSection
	GlobalSection(ExtensibilityGlobals) = postSolution
		SolutionGuid = {08ECE8FE-631E-4A39-A8C2-A7E29DC3D405}
	EndGlobalSection
EndGlobal
